
Microsoft Visual Studio Solution File, Format Version 12.00
# Visual Studio 15
VisualStudioVersion = 15.0.27428.2002
MinimumVisualStudioVersion = 10.0.40219.1
Project("{9A19103F-16F7-4668-BE54-9A1E7A4F7556}") = "dotnet-fixedwidth-parser", "src\dotnet-fixedwidth-parser\dotnet-fixedwidth-parser.csproj", "{5393F9B7-B23A-4A9E-97D3-F26505E94F27}"
EndProject
Project("{9A19103F-16F7-4668-BE54-9A1E7A4F7556}") = "dotnet-fixedwidth-common", "src\dotnet-fixedwidth-common\dotnet-fixedwidth-common.csproj", "{774299C3-E00A-490B-8E40-CA8D8B937E9F}"
EndProject
Project("{9A19103F-16F7-4668-BE54-9A1E7A4F7556}") = "dotnet-fixedwidth-parser.test", "test\dotnet-fixedwidth-parser.test\dotnet-fixedwidth-parser.test.csproj", "{9BDFB070-BEB5-4853-8A90-43BBDB01F0E7}"
EndProject
Global
	GlobalSection(SolutionConfigurationPlatforms) = preSolution
		Debug|Any CPU = Debug|Any CPU
		Release|Any CPU = Release|Any CPU
	EndGlobalSection
	GlobalSection(ProjectConfigurationPlatforms) = postSolution
		{5393F9B7-B23A-4A9E-97D3-F26505E94F27}.Debug|Any CPU.ActiveCfg = Debug|Any CPU
		{5393F9B7-B23A-4A9E-97D3-F26505E94F27}.Debug|Any CPU.Build.0 = Debug|Any CPU
		{5393F9B7-B23A-4A9E-97D3-F26505E94F27}.Release|Any CPU.ActiveCfg = Release|Any CPU
		{5393F9B7-B23A-4A9E-97D3-F26505E94F27}.Release|Any CPU.Build.0 = Release|Any CPU
		{774299C3-E00A-490B-8E40-CA8D8B937E9F}.Debug|Any CPU.ActiveCfg = Debug|Any CPU
		{774299C3-E00A-490B-8E40-CA8D8B937E9F}.Debug|Any CPU.Build.0 = Debug|Any CPU
		{774299C3-E00A-490B-8E40-CA8D8B937E9F}.Release|Any CPU.ActiveCfg = Release|Any CPU
		{774299C3-E00A-490B-8E40-CA8D8B937E9F}.Release|Any CPU.Build.0 = Release|Any CPU
		{9BDFB070-BEB5-4853-8A90-43BBDB01F0E7}.Debug|Any CPU.ActiveCfg = Debug|Any CPU
		{9BDFB070-BEB5-4853-8A90-43BBDB01F0E7}.Debug|Any CPU.Build.0 = Debug|Any CPU
		{9BDFB070-BEB5-4853-8A90-43BBDB01F0E7}.Release|Any CPU.ActiveCfg = Release|Any CPU
		{9BDFB070-BEB5-4853-8A90-43BBDB01F0E7}.Release|Any CPU.Build.0 = Release|Any CPU
	EndGlobalSection
	GlobalSection(SolutionProperties) = preSolution
		HideSolutionNode = FALSE
	EndGlobalSection
	GlobalSection(ExtensibilityGlobals) = postSolution
		SolutionGuid = {AD87108C-5925-4998-A118-6B0F71405871}
	EndGlobalSection
EndGlobal
